
Microsoft Visual Studio Solution File, Format Version 10.00
# Visual Studio 2008
Project("{54435603-DBB4-11D2-8724-00A0C9A8B90C}") = "test", "test\test.vdproj", "{FFCBA6A6-87C5-4D30-9705-518516573925}"
EndProject
Global
	GlobalSection(SolutionConfigurationPlatforms) = preSolution
		Debug|Default = Debug|Default
		Release|Default = Release|Default
	EndGlobalSection
	GlobalSection(ProjectConfigurationPlatforms) = postSolution
		{FFCBA6A6-87C5-4D30-9705-518516573925}.Debug|Default.ActiveCfg = Debug
		{FFCBA6A6-87C5-4D30-9705-518516573925}.Debug|Default.Build.0 = Debug
		{FFCBA6A6-87C5-4D30-9705-518516573925}.Release|Default.ActiveCfg = Release
		{FFCBA6A6-87C5-4D30-9705-518516573925}.Release|Default.Build.0 = Release
	EndGlobalSection
	GlobalSection(SolutionProperties) = preSolution
		HideSolutionNode = FALSE
	EndGlobalSection
EndGlobal
