
Microsoft Visual Studio Solution File, Format Version 10.00
# Visual Studio 2008
Project("{FAE04EC0-301F-11D3-BF4B-00C04F79EFBC}") = "Phone.Tester", "Phone.Tester.csproj", "{036D6EFB-ABAD-4C7F-84F3-958C984AFB9D}"
EndProject
Global
	GlobalSection(SolutionConfigurationPlatforms) = preSolution
		Debug|Any CPU = Debug|Any CPU
		Release|Any CPU = Release|Any CPU
	EndGlobalSection
	GlobalSection(ProjectConfigurationPlatforms) = postSolution
		{036D6EFB-ABAD-4C7F-84F3-958C984AFB9D}.Debug|Any CPU.ActiveCfg = Debug|Any CPU
		{036D6EFB-ABAD-4C7F-84F3-958C984AFB9D}.Debug|Any CPU.Build.0 = Debug|Any CPU
		{036D6EFB-ABAD-4C7F-84F3-958C984AFB9D}.Debug|Any CPU.Deploy.0 = Debug|Any CPU
		{036D6EFB-ABAD-4C7F-84F3-958C984AFB9D}.Release|Any CPU.ActiveCfg = Release|Any CPU
		{036D6EFB-ABAD-4C7F-84F3-958C984AFB9D}.Release|Any CPU.Build.0 = Release|Any CPU
		{036D6EFB-ABAD-4C7F-84F3-958C984AFB9D}.Release|Any CPU.Deploy.0 = Release|Any CPU
	EndGlobalSection
	GlobalSection(SolutionProperties) = preSolution
		HideSolutionNode = FALSE
	EndGlobalSection
EndGlobal
