
Microsoft Visual Studio Solution File, Format Version 11.00
# Visual Studio 2010
Project("{FAE04EC0-301F-11D3-BF4B-00C04F79EFBC}") = "NetCheck", "NetCheck\NetCheck.csproj", "{F8AE56EB-1D68-4A34-9047-E7175607DC0C}"
EndProject
Project("{FAE04EC0-301F-11D3-BF4B-00C04F79EFBC}") = "NetCheckerWin", "NetCheckerWin\NetCheckerWin.csproj", "{9E1925D6-29E6-421E-AD12-F422669D4940}"
EndProject
Global
	GlobalSection(SolutionConfigurationPlatforms) = preSolution
		Debug|Any CPU = Debug|Any CPU
		Debug|Mixed Platforms = Debug|Mixed Platforms
		Debug|x86 = Debug|x86
		Release|Any CPU = Release|Any CPU
		Release|Mixed Platforms = Release|Mixed Platforms
		Release|x86 = Release|x86
	EndGlobalSection
	GlobalSection(ProjectConfigurationPlatforms) = postSolution
		{F8AE56EB-1D68-4A34-9047-E7175607DC0C}.Debug|Any CPU.ActiveCfg = Debug|Any CPU
		{F8AE56EB-1D68-4A34-9047-E7175607DC0C}.Debug|Any CPU.Build.0 = Debug|Any CPU
		{F8AE56EB-1D68-4A34-9047-E7175607DC0C}.Debug|Mixed Platforms.ActiveCfg = Debug|Any CPU
		{F8AE56EB-1D68-4A34-9047-E7175607DC0C}.Debug|Mixed Platforms.Build.0 = Debug|Any CPU
		{F8AE56EB-1D68-4A34-9047-E7175607DC0C}.Debug|x86.ActiveCfg = Debug|Any CPU
		{F8AE56EB-1D68-4A34-9047-E7175607DC0C}.Release|Any CPU.ActiveCfg = Release|Any CPU
		{F8AE56EB-1D68-4A34-9047-E7175607DC0C}.Release|Any CPU.Build.0 = Release|Any CPU
		{F8AE56EB-1D68-4A34-9047-E7175607DC0C}.Release|Mixed Platforms.ActiveCfg = Release|Any CPU
		{F8AE56EB-1D68-4A34-9047-E7175607DC0C}.Release|Mixed Platforms.Build.0 = Release|Any CPU
		{F8AE56EB-1D68-4A34-9047-E7175607DC0C}.Release|x86.ActiveCfg = Release|Any CPU
		{9E1925D6-29E6-421E-AD12-F422669D4940}.Debug|Any CPU.ActiveCfg = Debug|x86
		{9E1925D6-29E6-421E-AD12-F422669D4940}.Debug|Mixed Platforms.ActiveCfg = Debug|x86
		{9E1925D6-29E6-421E-AD12-F422669D4940}.Debug|Mixed Platforms.Build.0 = Debug|x86
		{9E1925D6-29E6-421E-AD12-F422669D4940}.Debug|x86.ActiveCfg = Debug|x86
		{9E1925D6-29E6-421E-AD12-F422669D4940}.Debug|x86.Build.0 = Debug|x86
		{9E1925D6-29E6-421E-AD12-F422669D4940}.Release|Any CPU.ActiveCfg = Release|x86
		{9E1925D6-29E6-421E-AD12-F422669D4940}.Release|Mixed Platforms.ActiveCfg = Release|x86
		{9E1925D6-29E6-421E-AD12-F422669D4940}.Release|Mixed Platforms.Build.0 = Release|x86
		{9E1925D6-29E6-421E-AD12-F422669D4940}.Release|x86.ActiveCfg = Release|x86
		{9E1925D6-29E6-421E-AD12-F422669D4940}.Release|x86.Build.0 = Release|x86
	EndGlobalSection
	GlobalSection(SolutionProperties) = preSolution
		HideSolutionNode = FALSE
	EndGlobalSection
EndGlobal
