
Microsoft Visual Studio Solution File, Format Version 10.00
# Visual Studio 2008
Project("{FAE04EC0-301F-11D3-BF4B-00C04F79EFBC}") = "3g定时器", "3g定时器\3g定时器.csproj", "{F1810855-FA93-43C8-826E-59B78C44E3D5}"
EndProject
Global
	GlobalSection(SolutionConfigurationPlatforms) = preSolution
		Debug|Any CPU = Debug|Any CPU
		Release|Any CPU = Release|Any CPU
	EndGlobalSection
	GlobalSection(ProjectConfigurationPlatforms) = postSolution
		{F1810855-FA93-43C8-826E-59B78C44E3D5}.Debug|Any CPU.ActiveCfg = Debug|Any CPU
		{F1810855-FA93-43C8-826E-59B78C44E3D5}.Debug|Any CPU.Build.0 = Debug|Any CPU
		{F1810855-FA93-43C8-826E-59B78C44E3D5}.Release|Any CPU.ActiveCfg = Release|Any CPU
		{F1810855-FA93-43C8-826E-59B78C44E3D5}.Release|Any CPU.Build.0 = Release|Any CPU
	EndGlobalSection
	GlobalSection(SolutionProperties) = preSolution
		HideSolutionNode = FALSE
	EndGlobalSection
EndGlobal
